%{
  "bunt": {:hex, :bunt, "0.2.0", "951c6e801e8b1d2cbe58ebbd3e616a869061ddadcc4863d0a2182541acae9a38", [:mix], [], "hexpm", "7af5c7e09fe1d40f76c8e4f9dd2be7cebd83909f31fee7cd0e9eadc567da8353"},
  "credo": {:hex, :credo, "0.9.0", "5d1b494e4f2dc672b8318e027bd833dda69be71eaac6eedd994678be74ef7cb4", [:mix], [{:bunt, "~> 0.2.0", [hex: :bunt, repo: "hexpm", optional: false]}, {:poison, ">= 0.0.0", [hex: :poison, repo: "hexpm", optional: false]}], "hexpm", "61de62970f70111434b84ec272cc969ac693af1f3e112f23f1ef055e57e838e1"},
  "dialyxir": {:hex, :dialyxir, "0.5.1", "b331b091720fd93e878137add264bac4f644e1ddae07a70bf7062c7862c4b952", [:mix], [], "hexpm", "6c32a70ed5d452c6650916555b1f96c79af5fc4bf286997f8b15f213de786f73"},
  "earmark": {:hex, :earmark, "1.2.5", "4d21980d5d2862a2e13ec3c49ad9ad783ffc7ca5769cf6ff891a4553fbaae761", [:mix], [], "hexpm", "c57508ddad47dfb8038ca6de1e616e66e9b87313220ac5d9817bc4a4dc2257b9"},
  "ex_doc": {:hex, :ex_doc, "0.16.4", "4bf6b82d4f0a643b500366ed7134896e8cccdbab4d1a7a35524951b25b1ec9f0", [:mix], [{:earmark, "~> 1.1", [hex: :earmark, repo: "hexpm", optional: false]}], "hexpm", "90e39c592b4952d35eb122b70d656a8b2ffa248d7b0fa428b314ce2176c69861"},
  "file_system": {:hex, :file_system, "0.2.4", "f0bdda195c0e46e987333e986452ec523aed21d784189144f647c43eaf307064", [:mix], [], "hexpm", "d3d5ee3a1d656cb1efa0d0446df2aeb230c55d0d5fa2ab2840082f7ace50d04a"},
  "floki": {:hex, :floki, "0.20.1", "4ee125a81605f5920189ac6afbee8dbf4de7808319e726f0d57781e660185980", [:mix], [{:html_entities, "~> 0.4.0", [hex: :html_entities, repo: "hexpm", optional: false]}, {:mochiweb, "~> 2.15", [hex: :mochiweb, repo: "hexpm", optional: false]}], "hexpm"},
  "html_entities": {:hex, :html_entities, "0.4.0", "f2fee876858cf6aaa9db608820a3209e45a087c5177332799592142b50e89a6b", [:mix], [], "hexpm"},
  "mime": {:hex, :mime, "1.2.0", "78adaa84832b3680de06f88f0997e3ead3b451a440d183d688085be2d709b534", [:mix], [], "hexpm", "b24d1d704209b760aeac161255c8031c5160de1a5cb7dd28bb84ef5bda2ba29e"},
  "mix_test_watch": {:hex, :mix_test_watch, "0.6.0", "5e206ed04860555a455de2983937efd3ce79f42bd8536fc6b900cc286f5bb830", [:mix], [{:file_system, "~> 0.2.1 or ~> 0.3", [hex: :file_system, repo: "hexpm", optional: false]}], "hexpm", "ea6f2a3766f18c2f53ca5b2d40b623ce2831c1646f36ff2b608607e20fc6c63c"},
  "mochiweb": {:hex, :mochiweb, "2.15.0", "e1daac474df07651e5d17cc1e642c4069c7850dc4508d3db7263a0651330aacc", [:rebar3], [], "hexpm"},
  "phoenix_html": {:hex, :phoenix_html, "2.11.1", "77b6f7fbd252168c6ec4f573de648d37cc5258cda13266ef001fbf99267eb6f3", [:mix], [{:plug, "~> 1.5", [hex: :plug, repo: "hexpm", optional: false]}], "hexpm", "f54c45774f0819b495bd4ab25a72429278b0f6de3410f9cb6993c5a267cfaee6"},
  "plug": {:hex, :plug, "1.5.0", "224b25b4039bedc1eac149fb52ed456770b9678bbf0349cdd810460e1e09195b", [:mix], [{:cowboy, "~> 1.0.1 or ~> 1.1 or ~> 2.1", [hex: :cowboy, repo: "hexpm", optional: true]}, {:mime, "~> 1.0", [hex: :mime, repo: "hexpm", optional: false]}], "hexpm", "cd9cd75c9c638c7e3ac9bfb0501d746fcfcf76cdb2d7b181ce93d4a02e52fcf2"},
  "poison": {:hex, :poison, "3.1.0", "d9eb636610e096f86f25d9a46f35a9facac35609a7591b3be3326e99a0484665", [:mix], [], "hexpm", "fec8660eb7733ee4117b85f55799fd3833eb769a6df71ccf8903e8dc5447cfce"},
  "taggart": {:hex, :taggart, "0.1.4", "96ffa096137e873680a062add620ddca6a7a1d363a2563c64c90f3093372fd86", [:mix], [{:floki, "~> 0.17", [hex: :floki, repo: "hexpm", optional: false]}, {:phoenix_html, "~> 2.10", [hex: :phoenix_html, repo: "hexpm", optional: false]}], "hexpm"},
}
